
Microsoft Visual Studio Solution File, Format Version 12.00
# Visual Studio Version 17
VisualStudioVersion = 17.4.33213.308
MinimumVisualStudioVersion = 10.0.40219.1
Project("{FAE04EC0-301F-11D3-BF4B-00C04F79EFBC}") = "Class Properties", "Class Properties\Class Properties.csproj", "{748AF1F1-DABE-4CB5-986F-8DBA0DE41A9A}"
EndProject
Global
	GlobalSection(SolutionConfigurationPlatforms) = preSolution
		Debug|Any CPU = Debug|Any CPU
		Release|Any CPU = Release|Any CPU
	EndGlobalSection
	GlobalSection(ProjectConfigurationPlatforms) = postSolution
		{748AF1F1-DABE-4CB5-986F-8DBA0DE41A9A}.Debug|Any CPU.ActiveCfg = Debug|Any CPU
		{748AF1F1-DABE-4CB5-986F-8DBA0DE41A9A}.Debug|Any CPU.Build.0 = Debug|Any CPU
		{748AF1F1-DABE-4CB5-986F-8DBA0DE41A9A}.Release|Any CPU.ActiveCfg = Release|Any CPU
		{748AF1F1-DABE-4CB5-986F-8DBA0DE41A9A}.Release|Any CPU.Build.0 = Release|Any CPU
	EndGlobalSection
	GlobalSection(SolutionProperties) = preSolution
		HideSolutionNode = FALSE
	EndGlobalSection
	GlobalSection(ExtensibilityGlobals) = postSolution
		SolutionGuid = {90BF019C-4425-4459-82C2-E48820078F7B}
	EndGlobalSection
EndGlobal
